// !$*UTF8*$!
{
	archiveVersion = 1;
	classes = {
	};
	objectVersion = 46;
	objects = {

/* Begin PBXBuildFile section */
		370E986E1EDE738C007E2692 /* Assets.xcassets in Resources */ = {isa = PBXBuildFile; fileRef = 370E986D1EDE738C007E2692 /* Assets.xcassets */; };
		370E98811EDE744A007E2692 /* AppDelegate.swift in Sources */ = {isa = PBXBuildFile; fileRef = 370E987A1EDE744A007E2692 /* AppDelegate.swift */; };
		370E988B1EDE83F1007E2692 /* CCCommonDefine.swift in Sources */ = {isa = PBXBuildFile; fileRef = 370E988A1EDE83F1007E2692 /* CCCommonDefine.swift */; };
		370E988F1EDE9802007E2692 /* CCObjectExtension.swift in Sources */ = {isa = PBXBuildFile; fileRef = 370E988E1EDE9802007E2692 /* CCObjectExtension.swift */; };
		370E98BB1EDEAD7B007E2692 /* Default-568h@2x.png in Resources */ = {isa = PBXBuildFile; fileRef = 370E989F1EDEAD7A007E2692 /* Default-568h@2x.png */; };
		370E98BC1EDEAD7B007E2692 /* elegant.ttf in Resources */ = {isa = PBXBuildFile; fileRef = 370E98A01EDEAD7A007E2692 /* elegant.ttf */; };
		370E98BD1EDEAD7B007E2692 /* ic_launcher_144.png in Resources */ = {isa = PBXBuildFile; fileRef = 370E98A11EDEAD7A007E2692 /* ic_launcher_144.png */; };
		370E98BE1EDEAD7B007E2692 /* weather.otf in Resources */ = {isa = PBXBuildFile; fileRef = 370E98A21EDEAD7A007E2692 /* weather.otf */; };
		370E98BF1EDEAD7B007E2692 /* Musket regular.otf in Resources */ = {isa = PBXBuildFile; fileRef = 370E98A41EDEAD7B007E2692 /* Musket regular.otf */; };
		370E98C01EDEAD7B007E2692 /* _0.wav in Resources */ = {isa = PBXBuildFile; fileRef = 370E98A61EDEAD7B007E2692 /* _0.wav */; };
		370E98C11EDEAD7B007E2692 /* _1.wav in Resources */ = {isa = PBXBuildFile; fileRef = 370E98A71EDEAD7B007E2692 /* _1.wav */; };
		370E98C21EDEAD7B007E2692 /* _2.wav in Resources */ = {isa = PBXBuildFile; fileRef = 370E98A81EDEAD7B007E2692 /* _2.wav */; };
		370E98C31EDEAD7B007E2692 /* _3.wav in Resources */ = {isa = PBXBuildFile; fileRef = 370E98A91EDEAD7B007E2692 /* _3.wav */; };
		370E98C41EDEAD7B007E2692 /* _4.wav in Resources */ = {isa = PBXBuildFile; fileRef = 370E98AA1EDEAD7B007E2692 /* _4.wav */; };
		370E98C51EDEAD7B007E2692 /* _5.wav in Resources */ = {isa = PBXBuildFile; fileRef = 370E98AB1EDEAD7B007E2692 /* _5.wav */; };
		370E98C61EDEAD7B007E2692 /* _6.wav in Resources */ = {isa = PBXBuildFile; fileRef = 370E98AC1EDEAD7B007E2692 /* _6.wav */; };
		370E98C71EDEAD7B007E2692 /* _7.wav in Resources */ = {isa = PBXBuildFile; fileRef = 370E98AD1EDEAD7B007E2692 /* _7.wav */; };
		370E98C81EDEAD7B007E2692 /* _8.wav in Resources */ = {isa = PBXBuildFile; fileRef = 370E98AE1EDEAD7B007E2692 /* _8.wav */; };
		370E98C91EDEAD7B007E2692 /* _9.wav in Resources */ = {isa = PBXBuildFile; fileRef = 370E98AF1EDEAD7B007E2692 /* _9.wav */; };
		370E98CA1EDEAD7B007E2692 /* ArrayItem_CH.plist in Resources */ = {isa = PBXBuildFile; fileRef = 370E98B11EDEAD7B007E2692 /* ArrayItem_CH.plist */; };
		370E98CB1EDEAD7B007E2692 /* ArrayItem_EN.plist in Resources */ = {isa = PBXBuildFile; fileRef = 370E98B21EDEAD7B007E2692 /* ArrayItem_EN.plist */; };
		370E98CD1EDEAD7B007E2692 /* Localizable.strings in Resources */ = {isa = PBXBuildFile; fileRef = 370E98B51EDEAD7B007E2692 /* Localizable.strings */; };
		37249B9B1EF1269A0037D6BE /* Launch Screen.storyboard in Resources */ = {isa = PBXBuildFile; fileRef = 3729CC1F1EDFF5150050BD95 /* Launch Screen.storyboard */; };
		37249B9C1EF1269F0037D6BE /* Launch Screen_ZH.storyboard in Resources */ = {isa = PBXBuildFile; fileRef = 3729CC201EDFF5150050BD95 /* Launch Screen_ZH.storyboard */; };
		37249B9D1EF126D10037D6BE /* InfoPlist.strings in Resources */ = {isa = PBXBuildFile; fileRef = 370E98B31EDEAD7B007E2692 /* InfoPlist.strings */; };
		3729CC041EDFA2B70050BD95 /* CCPickerViewExtension.swift in Sources */ = {isa = PBXBuildFile; fileRef = 3729CC031EDFA2B70050BD95 /* CCPickerViewExtension.swift */; };
		3729CC061EDFA4C40050BD95 /* CCViewExtension.swift in Sources */ = {isa = PBXBuildFile; fileRef = 3729CC051EDFA4C40050BD95 /* CCViewExtension.swift */; };
		3729CC091EDFB4D20050BD95 /* CCFontExtension.swift in Sources */ = {isa = PBXBuildFile; fileRef = 3729CC081EDFB4D20050BD95 /* CCFontExtension.swift */; };
		3729CC0C1EDFBBE10050BD95 /* CCLabelExtension.swift in Sources */ = {isa = PBXBuildFile; fileRef = 3729CC0B1EDFBBE10050BD95 /* CCLabelExtension.swift */; };
		3729CC321EDFF5150050BD95 /* CCMainViewController.swift in Sources */ = {isa = PBXBuildFile; fileRef = 3729CC231EDFF5150050BD95 /* CCMainViewController.swift */; };
		3729CC341EDFF5150050BD95 /* CCAudioPreset.swift in Sources */ = {isa = PBXBuildFile; fileRef = 3729CC261EDFF5150050BD95 /* CCAudioPreset.swift */; };
		3729CC351EDFF5150050BD95 /* CCLocalizedHelper.swift in Sources */ = {isa = PBXBuildFile; fileRef = 3729CC271EDFF5150050BD95 /* CCLocalizedHelper.swift */; };
		3729CC361EDFF5150050BD95 /* CCMainHandler.swift in Sources */ = {isa = PBXBuildFile; fileRef = 3729CC281EDFF5150050BD95 /* CCMainHandler.swift */; };
		3729CC391EDFF5150050BD95 /* CCCountDownView.swift in Sources */ = {isa = PBXBuildFile; fileRef = 3729CC2C1EDFF5150050BD95 /* CCCountDownView.swift */; };
		3729CC3A1EDFF5150050BD95 /* CCCountDownView.xib in Resources */ = {isa = PBXBuildFile; fileRef = 3729CC2D1EDFF5150050BD95 /* CCCountDownView.xib */; };
		3729CC3B1EDFF5150050BD95 /* CCMainHeaderView.swift in Sources */ = {isa = PBXBuildFile; fileRef = 3729CC2E1EDFF5150050BD95 /* CCMainHeaderView.swift */; };
		3729CC3C1EDFF5150050BD95 /* CCMainHeaderView.xib in Resources */ = {isa = PBXBuildFile; fileRef = 3729CC2F1EDFF5150050BD95 /* CCMainHeaderView.xib */; };
		3729CC3F1EDFF6950050BD95 /* CCAuthorInfoView.swift in Sources */ = {isa = PBXBuildFile; fileRef = 3729CC3D1EDFF6950050BD95 /* CCAuthorInfoView.swift */; };
		3729CC401EDFF6950050BD95 /* CCAuthorInfoView.xib in Resources */ = {isa = PBXBuildFile; fileRef = 3729CC3E1EDFF6950050BD95 /* CCAuthorInfoView.xib */; };
		372DCA981EE4F1BB00FEF7C3 /* CCMainScrollCell.swift in Sources */ = {isa = PBXBuildFile; fileRef = 372DCA971EE4F1BB00FEF7C3 /* CCMainScrollCell.swift */; };
		372DCA9A1EE4F4E700FEF7C3 /* CCMainLighterTableView.swift in Sources */ = {isa = PBXBuildFile; fileRef = 372DCA991EE4F4E700FEF7C3 /* CCMainLighterTableView.swift */; };
		37577C641EEFD665008FCF8F /* CCMainViewController.xib in Resources */ = {isa = PBXBuildFile; fileRef = 3729CC241EDFF5150050BD95 /* CCMainViewController.xib */; };
		37F1A4051EEE6CAD00848881 /* CCAudioHandler.swift in Sources */ = {isa = PBXBuildFile; fileRef = 37F1A4041EEE6CAD00848881 /* CCAudioHandler.swift */; };
/* End PBXBuildFile section */

/* Begin PBXFileReference section */
		370E98631EDE738C007E2692 /* Rainville-Swift.app */ = {isa = PBXFileReference; explicitFileType = wrapper.application; includeInIndex = 0; path = "Rainville-Swift.app"; sourceTree = BUILT_PRODUCTS_DIR; };
		370E986D1EDE738C007E2692 /* Assets.xcassets */ = {isa = PBXFileReference; lastKnownFileType = folder.assetcatalog; path = Assets.xcassets; sourceTree = "<group>"; };
		370E98721EDE738C007E2692 /* Info.plist */ = {isa = PBXFileReference; lastKnownFileType = text.plist.xml; path = Info.plist; sourceTree = "<group>"; };
		370E987A1EDE744A007E2692 /* AppDelegate.swift */ = {isa = PBXFileReference; fileEncoding = 4; lastKnownFileType = sourcecode.swift; path = AppDelegate.swift; sourceTree = "<group>"; };
		370E988A1EDE83F1007E2692 /* CCCommonDefine.swift */ = {isa = PBXFileReference; fileEncoding = 4; lastKnownFileType = sourcecode.swift; path = CCCommonDefine.swift; sourceTree = "<group>"; };
		370E988E1EDE9802007E2692 /* CCObjectExtension.swift */ = {isa = PBXFileReference; fileEncoding = 4; lastKnownFileType = sourcecode.swift; path = CCObjectExtension.swift; sourceTree = "<group>"; };
		370E989F1EDEAD7A007E2692 /* Default-568h@2x.png */ = {isa = PBXFileReference; lastKnownFileType = image.png; path = "Default-568h@2x.png"; sourceTree = "<group>"; };
		370E98A01EDEAD7A007E2692 /* elegant.ttf */ = {isa = PBXFileReference; lastKnownFileType = file; path = elegant.ttf; sourceTree = "<group>"; };
		370E98A11EDEAD7A007E2692 /* ic_launcher_144.png */ = {isa = PBXFileReference; lastKnownFileType = image.png; path = ic_launcher_144.png; sourceTree = "<group>"; };
		370E98A21EDEAD7A007E2692 /* weather.otf */ = {isa = PBXFileReference; lastKnownFileType = file; path = weather.otf; sourceTree = "<group>"; };
		370E98A41EDEAD7B007E2692 /* Musket regular.otf */ = {isa = PBXFileReference; lastKnownFileType = file; path = "Musket regular.otf"; sourceTree = "<group>"; };
		370E98A61EDEAD7B007E2692 /* _0.wav */ = {isa = PBXFileReference; lastKnownFileType = audio.wav; path = _0.wav; sourceTree = "<group>"; };
		370E98A71EDEAD7B007E2692 /* _1.wav */ = {isa = PBXFileReference; lastKnownFileType = audio.wav; path = _1.wav; sourceTree = "<group>"; };
		370E98A81EDEAD7B007E2692 /* _2.wav */ = {isa = PBXFileReference; lastKnownFileType = audio.wav; path = _2.wav; sourceTree = "<group>"; };
		370E98A91EDEAD7B007E2692 /* _3.wav */ = {isa = PBXFileReference; lastKnownFileType = audio.wav; path = _3.wav; sourceTree = "<group>"; };
		370E98AA1EDEAD7B007E2692 /* _4.wav */ = {isa = PBXFileReference; lastKnownFileType = audio.wav; path = _4.wav; sourceTree = "<group>"; };
		370E98AB1EDEAD7B007E2692 /* _5.wav */ = {isa = PBXFileReference; lastKnownFileType = audio.wav; path = _5.wav; sourceTree = "<group>"; };
		370E98AC1EDEAD7B007E2692 /* _6.wav */ = {isa = PBXFileReference; lastKnownFileType = audio.wav; path = _6.wav; sourceTree = "<group>"; };
		370E98AD1EDEAD7B007E2692 /* _7.wav */ = {isa = PBXFileReference; lastKnownFileType = audio.wav; path = _7.wav; sourceTree = "<group>"; };
		370E98AE1EDEAD7B007E2692 /* _8.wav */ = {isa = PBXFileReference; lastKnownFileType = audio.wav; path = _8.wav; sourceTree = "<group>"; };
		370E98AF1EDEAD7B007E2692 /* _9.wav */ = {isa = PBXFileReference; lastKnownFileType = audio.wav; path = _9.wav; sourceTree = "<group>"; };
		370E98B11EDEAD7B007E2692 /* ArrayItem_CH.plist */ = {isa = PBXFileReference; fileEncoding = 4; lastKnownFileType = text.plist.xml; path = ArrayItem_CH.plist; sourceTree = "<group>"; };
		370E98B21EDEAD7B007E2692 /* ArrayItem_EN.plist */ = {isa = PBXFileReference; fileEncoding = 4; lastKnownFileType = text.plist.xml; path = ArrayItem_EN.plist; sourceTree = "<group>"; };
		370E98B41EDEAD7B007E2692 /* Base */ = {isa = PBXFileReference; lastKnownFileType = text.plist.strings; name = Base; path = Base.lproj/InfoPlist.strings; sourceTree = "<group>"; };
		370E98B61EDEAD7B007E2692 /* Base */ = {isa = PBXFileReference; lastKnownFileType = text.plist.strings; name = Base; path = Base.lproj/Localizable.strings; sourceTree = "<group>"; };
		370E98B71EDEAD7B007E2692 /* en */ = {isa = PBXFileReference; lastKnownFileType = text.plist.strings; name = en; path = en.lproj/InfoPlist.strings; sourceTree = "<group>"; };
		370E98B81EDEAD7B007E2692 /* en */ = {isa = PBXFileReference; lastKnownFileType = text.plist.strings; name = en; path = en.lproj/Localizable.strings; sourceTree = "<group>"; };
		370E98B91EDEAD7B007E2692 /* zh-Hans */ = {isa = PBXFileReference; lastKnownFileType = text.plist.strings; name = "zh-Hans"; path = "zh-Hans.lproj/InfoPlist.strings"; sourceTree = "<group>"; };
		370E98BA1EDEAD7B007E2692 /* zh-Hans */ = {isa = PBXFileReference; lastKnownFileType = text.plist.strings; name = "zh-Hans"; path = "zh-Hans.lproj/Localizable.strings"; sourceTree = "<group>"; };
		3729CC031EDFA2B70050BD95 /* CCPickerViewExtension.swift */ = {isa = PBXFileReference; fileEncoding = 4; lastKnownFileType = sourcecode.swift; path = CCPickerViewExtension.swift; sourceTree = "<group>"; };
		3729CC051EDFA4C40050BD95 /* CCViewExtension.swift */ = {isa = PBXFileReference; fileEncoding = 4; lastKnownFileType = sourcecode.swift; path = CCViewExtension.swift; sourceTree = "<group>"; };
		3729CC081EDFB4D20050BD95 /* CCFontExtension.swift */ = {isa = PBXFileReference; fileEncoding = 4; lastKnownFileType = sourcecode.swift; path = CCFontExtension.swift; sourceTree = "<group>"; };
		3729CC0B1EDFBBE10050BD95 /* CCLabelExtension.swift */ = {isa = PBXFileReference; fileEncoding = 4; lastKnownFileType = sourcecode.swift; path = CCLabelExtension.swift; sourceTree = "<group>"; };
		3729CC1F1EDFF5150050BD95 /* Launch Screen.storyboard */ = {isa = PBXFileReference; fileEncoding = 4; lastKnownFileType = file.storyboard; path = "Launch Screen.storyboard"; sourceTree = "<group>"; };
		3729CC201EDFF5150050BD95 /* Launch Screen_ZH.storyboard */ = {isa = PBXFileReference; fileEncoding = 4; lastKnownFileType = file.storyboard; path = "Launch Screen_ZH.storyboard"; sourceTree = "<group>"; };
		3729CC231EDFF5150050BD95 /* CCMainViewController.swift */ = {isa = PBXFileReference; fileEncoding = 4; lastKnownFileType = sourcecode.swift; path = CCMainViewController.swift; sourceTree = "<group>"; };
		3729CC241EDFF5150050BD95 /* CCMainViewController.xib */ = {isa = PBXFileReference; fileEncoding = 4; lastKnownFileType = file.xib; path = CCMainViewController.xib; sourceTree = "<group>"; };
		3729CC261EDFF5150050BD95 /* CCAudioPreset.swift */ = {isa = PBXFileReference; fileEncoding = 4; lastKnownFileType = sourcecode.swift; path = CCAudioPreset.swift; sourceTree = "<group>"; };
		3729CC271EDFF5150050BD95 /* CCLocalizedHelper.swift */ = {isa = PBXFileReference; fileEncoding = 4; lastKnownFileType = sourcecode.swift; path = CCLocalizedHelper.swift; sourceTree = "<group>"; };
		3729CC281EDFF5150050BD95 /* CCMainHandler.swift */ = {isa = PBXFileReference; fileEncoding = 4; lastKnownFileType = sourcecode.swift; path = CCMainHandler.swift; sourceTree = "<group>"; };
		3729CC2C1EDFF5150050BD95 /* CCCountDownView.swift */ = {isa = PBXFileReference; fileEncoding = 4; lastKnownFileType = sourcecode.swift; path = CCCountDownView.swift; sourceTree = "<group>"; };
		3729CC2D1EDFF5150050BD95 /* CCCountDownView.xib */ = {isa = PBXFileReference; fileEncoding = 4; lastKnownFileType = file.xib; path = CCCountDownView.xib; sourceTree = "<group>"; };
		3729CC2E1EDFF5150050BD95 /* CCMainHeaderView.swift */ = {isa = PBXFileReference; fileEncoding = 4; lastKnownFileType = sourcecode.swift; path = CCMainHeaderView.swift; sourceTree = "<group>"; };
		3729CC2F1EDFF5150050BD95 /* CCMainHeaderView.xib */ = {isa = PBXFileReference; fileEncoding = 4; lastKnownFileType = file.xib; path = CCMainHeaderView.xib; sourceTree = "<group>"; };
		3729CC3D1EDFF6950050BD95 /* CCAuthorInfoView.swift */ = {isa = PBXFileReference; fileEncoding = 4; lastKnownFileType = sourcecode.swift; path = CCAuthorInfoView.swift; sourceTree = "<group>"; };
		3729CC3E1EDFF6950050BD95 /* CCAuthorInfoView.xib */ = {isa = PBXFileReference; fileEncoding = 4; lastKnownFileType = file.xib; path = CCAuthorInfoView.xib; sourceTree = "<group>"; };
		372DCA971EE4F1BB00FEF7C3 /* CCMainScrollCell.swift */ = {isa = PBXFileReference; fileEncoding = 4; lastKnownFileType = sourcecode.swift; path = CCMainScrollCell.swift; sourceTree = "<group>"; };
		372DCA991EE4F4E700FEF7C3 /* CCMainLighterTableView.swift */ = {isa = PBXFileReference; fileEncoding = 4; lastKnownFileType = sourcecode.swift; path = CCMainLighterTableView.swift; sourceTree = "<group>"; };
		37F1A4041EEE6CAD00848881 /* CCAudioHandler.swift */ = {isa = PBXFileReference; fileEncoding = 4; lastKnownFileType = sourcecode.swift; path = CCAudioHandler.swift; sourceTree = "<group>"; };
/* End PBXFileReference section */

/* Begin PBXFrameworksBuildPhase section */
		370E98601EDE738C007E2692 /* Frameworks */ = {
			isa = PBXFrameworksBuildPhase;
			buildActionMask = 2147483647;
			files = (
			);
			runOnlyForDeploymentPostprocessing = 0;
		};
/* End PBXFrameworksBuildPhase section */

/* Begin PBXGroup section */
		370E985A1EDE738C007E2692 = {
			isa = PBXGroup;
			children = (
				370E98651EDE738C007E2692 /* Rainville-Swift */,
				370E98641EDE738C007E2692 /* Products */,
			);
			sourceTree = "<group>";
		};
		370E98641EDE738C007E2692 /* Products */ = {
			isa = PBXGroup;
			children = (
				370E98631EDE738C007E2692 /* Rainville-Swift.app */,
			);
			name = Products;
			sourceTree = "<group>";
		};
		370E98651EDE738C007E2692 /* Rainville-Swift */ = {
			isa = PBXGroup;
			children = (
				370E98781EDE744A007E2692 /* Classes */,
				370E986D1EDE738C007E2692 /* Assets.xcassets */,
				370E98721EDE738C007E2692 /* Info.plist */,
			);
			path = "Rainville-Swift";
			sourceTree = "<group>";
		};
		370E98781EDE744A007E2692 /* Classes */ = {
			isa = PBXGroup;
			children = (
				370E98791EDE744A007E2692 /* AppDelegate */,
				370E987C1EDE744A007E2692 /* Category */,
				370E987D1EDE744A007E2692 /* Macro */,
				370E987E1EDE744A007E2692 /* Modules */,
				370E987F1EDE744A007E2692 /* Resources */,
				370E98801EDE744A007E2692 /* Vendors */,
			);
			path = Classes;
			sourceTree = "<group>";
		};
		370E98791EDE744A007E2692 /* AppDelegate */ = {
			isa = PBXGroup;
			children = (
				370E987A1EDE744A007E2692 /* AppDelegate.swift */,
			);
			path = AppDelegate;
			sourceTree = "<group>";
		};
		370E987C1EDE744A007E2692 /* Category */ = {
			isa = PBXGroup;
			children = (
				370E988E1EDE9802007E2692 /* CCObjectExtension.swift */,
				3729CC031EDFA2B70050BD95 /* CCPickerViewExtension.swift */,
				3729CC051EDFA4C40050BD95 /* CCViewExtension.swift */,
				3729CC081EDFB4D20050BD95 /* CCFontExtension.swift */,
				3729CC0B1EDFBBE10050BD95 /* CCLabelExtension.swift */,
			);
			path = Category;
			sourceTree = "<group>";
		};
		370E987D1EDE744A007E2692 /* Macro */ = {
			isa = PBXGroup;
			children = (
				370E988A1EDE83F1007E2692 /* CCCommonDefine.swift */,
			);
			path = Macro;
			sourceTree = "<group>";
		};
		370E987E1EDE744A007E2692 /* Modules */ = {
			isa = PBXGroup;
			children = (
				3729CC1E1EDFF5150050BD95 /* Launch */,
				3729CC211EDFF5150050BD95 /* Main */,
			);
			path = Modules;
			sourceTree = "<group>";
		};
		370E987F1EDE744A007E2692 /* Resources */ = {
			isa = PBXGroup;
			children = (
				370E989E1EDEAD7A007E2692 /* Icons */,
				370E98A31EDEAD7B007E2692 /* Musket */,
				370E98A51EDEAD7B007E2692 /* RAW */,
				370E98B01EDEAD7B007E2692 /* Strings */,
			);
			path = Resources;
			sourceTree = "<group>";
		};
		370E98801EDE744A007E2692 /* Vendors */ = {
			isa = PBXGroup;
			children = (
			);
			path = Vendors;
			sourceTree = "<group>";
		};
		370E989E1EDEAD7A007E2692 /* Icons */ = {
			isa = PBXGroup;
			children = (
				370E989F1EDEAD7A007E2692 /* Default-568h@2x.png */,
				370E98A01EDEAD7A007E2692 /* elegant.ttf */,
				370E98A11EDEAD7A007E2692 /* ic_launcher_144.png */,
				370E98A21EDEAD7A007E2692 /* weather.otf */,
			);
			path = Icons;
			sourceTree = "<group>";
		};
		370E98A31EDEAD7B007E2692 /* Musket */ = {
			isa = PBXGroup;
			children = (
				370E98A41EDEAD7B007E2692 /* Musket regular.otf */,
			);
			path = Musket;
			sourceTree = "<group>";
		};
		370E98A51EDEAD7B007E2692 /* RAW */ = {
			isa = PBXGroup;
			children = (
				370E98A61EDEAD7B007E2692 /* _0.wav */,
				370E98A71EDEAD7B007E2692 /* _1.wav */,
				370E98A81EDEAD7B007E2692 /* _2.wav */,
				370E98A91EDEAD7B007E2692 /* _3.wav */,
				370E98AA1EDEAD7B007E2692 /* _4.wav */,
				370E98AB1EDEAD7B007E2692 /* _5.wav */,
				370E98AC1EDEAD7B007E2692 /* _6.wav */,
				370E98AD1EDEAD7B007E2692 /* _7.wav */,
				370E98AE1EDEAD7B007E2692 /* _8.wav */,
				370E98AF1EDEAD7B007E2692 /* _9.wav */,
			);
			path = RAW;
			sourceTree = "<group>";
		};
		370E98B01EDEAD7B007E2692 /* Strings */ = {
			isa = PBXGroup;
			children = (
				370E98B11EDEAD7B007E2692 /* ArrayItem_CH.plist */,
				370E98B21EDEAD7B007E2692 /* ArrayItem_EN.plist */,
				370E98B31EDEAD7B007E2692 /* InfoPlist.strings */,
				370E98B51EDEAD7B007E2692 /* Localizable.strings */,
			);
			path = Strings;
			sourceTree = "<group>";
		};
		3729CC1E1EDFF5150050BD95 /* Launch */ = {
			isa = PBXGroup;
			children = (
				3729CC1F1EDFF5150050BD95 /* Launch Screen.storyboard */,
				3729CC201EDFF5150050BD95 /* Launch Screen_ZH.storyboard */,
			);
			path = Launch;
			sourceTree = "<group>";
		};
		3729CC211EDFF5150050BD95 /* Main */ = {
			isa = PBXGroup;
			children = (
				3729CC291EDFF5150050BD95 /* Views */,
				3729CC221EDFF5150050BD95 /* Controllers */,
				3729CC251EDFF5150050BD95 /* Tools */,
			);
			path = Main;
			sourceTree = "<group>";
		};
		3729CC221EDFF5150050BD95 /* Controllers */ = {
			isa = PBXGroup;
			children = (
				3729CC231EDFF5150050BD95 /* CCMainViewController.swift */,
				3729CC241EDFF5150050BD95 /* CCMainViewController.xib */,
			);
			path = Controllers;
			sourceTree = "<group>";
		};
		3729CC251EDFF5150050BD95 /* Tools */ = {
			isa = PBXGroup;
			children = (
				37F1A4041EEE6CAD00848881 /* CCAudioHandler.swift */,
				3729CC261EDFF5150050BD95 /* CCAudioPreset.swift */,
				3729CC271EDFF5150050BD95 /* CCLocalizedHelper.swift */,
				3729CC281EDFF5150050BD95 /* CCMainHandler.swift */,
				372DCA991EE4F4E700FEF7C3 /* CCMainLighterTableView.swift */,
			);
			path = Tools;
			sourceTree = "<group>";
		};
		3729CC291EDFF5150050BD95 /* Views */ = {
			isa = PBXGroup;
			children = (
				372DCA971EE4F1BB00FEF7C3 /* CCMainScrollCell.swift */,
				3729CC3D1EDFF6950050BD95 /* CCAuthorInfoView.swift */,
				3729CC3E1EDFF6950050BD95 /* CCAuthorInfoView.xib */,
				3729CC2C1EDFF5150050BD95 /* CCCountDownView.swift */,
				3729CC2D1EDFF5150050BD95 /* CCCountDownView.xib */,
				3729CC2E1EDFF5150050BD95 /* CCMainHeaderView.swift */,
				3729CC2F1EDFF5150050BD95 /* CCMainHeaderView.xib */,
			);
			path = Views;
			sourceTree = "<group>";
		};
/* End PBXGroup section */

/* Begin PBXNativeTarget section */
		370E98621EDE738C007E2692 /* Rainville-Swift */ = {
			isa = PBXNativeTarget;
			buildConfigurationList = 370E98751EDE738C007E2692 /* Build configuration list for PBXNativeTarget "Rainville-Swift" */;
			buildPhases = (
				370E985F1EDE738C007E2692 /* Sources */,
				370E98601EDE738C007E2692 /* Frameworks */,
				370E98611EDE738C007E2692 /* Resources */,
			);
			buildRules = (
			);
			dependencies = (
			);
			name = "Rainville-Swift";
			productName = "Rainville-Swift";
			productReference = 370E98631EDE738C007E2692 /* Rainville-Swift.app */;
			productType = "com.apple.product-type.application";
		};
/* End PBXNativeTarget section */

/* Begin PBXProject section */
		370E985B1EDE738C007E2692 /* Project object */ = {
			isa = PBXProject;
			attributes = {
				LastSwiftUpdateCheck = 0830;
				LastUpgradeCheck = 0830;
				ORGANIZATIONNAME = "冯明庆";
				TargetAttributes = {
					370E98621EDE738C007E2692 = {
						CreatedOnToolsVersion = 8.3.2;
						DevelopmentTeam = Y6QZNMQWRN;
						ProvisioningStyle = Automatic;
						SystemCapabilities = {
							com.apple.BackgroundModes = {
								enabled = 1;
							};
						};
					};
				};
			};
			buildConfigurationList = 370E985E1EDE738C007E2692 /* Build configuration list for PBXProject "Rainville-Swift" */;
			compatibilityVersion = "Xcode 3.2";
			developmentRegion = English;
			hasScannedForEncodings = 0;
			knownRegions = (
				en,
				Base,
				"zh-Hans",
			);
			mainGroup = 370E985A1EDE738C007E2692;
			productRefGroup = 370E98641EDE738C007E2692 /* Products */;
			projectDirPath = "";
			projectRoot = "";
			targets = (
				370E98621EDE738C007E2692 /* Rainville-Swift */,
			);
		};
/* End PBXProject section */

/* Begin PBXResourcesBuildPhase section */
		370E98611EDE738C007E2692 /* Resources */ = {
			isa = PBXResourcesBuildPhase;
			buildActionMask = 2147483647;
			files = (
				37577C641EEFD665008FCF8F /* CCMainViewController.xib in Resources */,
				370E98C41EDEAD7B007E2692 /* _4.wav in Resources */,
				3729CC3C1EDFF5150050BD95 /* CCMainHeaderView.xib in Resources */,
				37249B9D1EF126D10037D6BE /* InfoPlist.strings in Resources */,
				37249B9B1EF1269A0037D6BE /* Launch Screen.storyboard in Resources */,
				3729CC3A1EDFF5150050BD95 /* CCCountDownView.xib in Resources */,
				370E98C11EDEAD7B007E2692 /* _1.wav in Resources */,
				3729CC401EDFF6950050BD95 /* CCAuthorInfoView.xib in Resources */,
				370E98BD1EDEAD7B007E2692 /* ic_launcher_144.png in Resources */,
				370E98CB1EDEAD7B007E2692 /* ArrayItem_EN.plist in Resources */,
				370E98BB1EDEAD7B007E2692 /* Default-568h@2x.png in Resources */,
				370E98C31EDEAD7B007E2692 /* _3.wav in Resources */,
				37249B9C1EF1269F0037D6BE /* Launch Screen_ZH.storyboard in Resources */,
				370E98BE1EDEAD7B007E2692 /* weather.otf in Resources */,
				370E98BF1EDEAD7B007E2692 /* Musket regular.otf in Resources */,
				370E98CA1EDEAD7B007E2692 /* ArrayItem_CH.plist in Resources */,
				370E98C71EDEAD7B007E2692 /* _7.wav in Resources */,
				370E98C51EDEAD7B007E2692 /* _5.wav in Resources */,
				370E98CD1EDEAD7B007E2692 /* Localizable.strings in Resources */,
				370E98C61EDEAD7B007E2692 /* _6.wav in Resources */,
				370E98BC1EDEAD7B007E2692 /* elegant.ttf in Resources */,
				370E98C21EDEAD7B007E2692 /* _2.wav in Resources */,
				370E98C01EDEAD7B007E2692 /* _0.wav in Resources */,
				370E98C81EDEAD7B007E2692 /* _8.wav in Resources */,
				370E98C91EDEAD7B007E2692 /* _9.wav in Resources */,
				370E986E1EDE738C007E2692 /* Assets.xcassets in Resources */,
			);
			runOnlyForDeploymentPostprocessing = 0;
		};
/* End PBXResourcesBuildPhase section */

/* Begin PBXSourcesBuildPhase section */
		370E985F1EDE738C007E2692 /* Sources */ = {
			isa = PBXSourcesBuildPhase;
			buildActionMask = 2147483647;
			files = (
				3729CC0C1EDFBBE10050BD95 /* CCLabelExtension.swift in Sources */,
				370E988F1EDE9802007E2692 /* CCObjectExtension.swift in Sources */,
				370E988B1EDE83F1007E2692 /* CCCommonDefine.swift in Sources */,
				3729CC351EDFF5150050BD95 /* CCLocalizedHelper.swift in Sources */,
				372DCA9A1EE4F4E700FEF7C3 /* CCMainLighterTableView.swift in Sources */,
				3729CC321EDFF5150050BD95 /* CCMainViewController.swift in Sources */,
				37F1A4051EEE6CAD00848881 /* CCAudioHandler.swift in Sources */,
				3729CC3F1EDFF6950050BD95 /* CCAuthorInfoView.swift in Sources */,
				370E98811EDE744A007E2692 /* AppDelegate.swift in Sources */,
				3729CC341EDFF5150050BD95 /* CCAudioPreset.swift in Sources */,
				3729CC091EDFB4D20050BD95 /* CCFontExtension.swift in Sources */,
				372DCA981EE4F1BB00FEF7C3 /* CCMainScrollCell.swift in Sources */,
				3729CC361EDFF5150050BD95 /* CCMainHandler.swift in Sources */,
				3729CC041EDFA2B70050BD95 /* CCPickerViewExtension.swift in Sources */,
				3729CC061EDFA4C40050BD95 /* CCViewExtension.swift in Sources */,
				3729CC3B1EDFF5150050BD95 /* CCMainHeaderView.swift in Sources */,
				3729CC391EDFF5150050BD95 /* CCCountDownView.swift in Sources */,
			);
			runOnlyForDeploymentPostprocessing = 0;
		};
/* End PBXSourcesBuildPhase section */

/* Begin PBXVariantGroup section */
		370E98B31EDEAD7B007E2692 /* InfoPlist.strings */ = {
			isa = PBXVariantGroup;
			children = (
				370E98B41EDEAD7B007E2692 /* Base */,
				370E98B71EDEAD7B007E2692 /* en */,
				370E98B91EDEAD7B007E2692 /* zh-Hans */,
			);
			name = InfoPlist.strings;
			sourceTree = "<group>";
		};
		370E98B51EDEAD7B007E2692 /* Localizable.strings */ = {
			isa = PBXVariantGroup;
			children = (
				370E98B61EDEAD7B007E2692 /* Base */,
				370E98B81EDEAD7B007E2692 /* en */,
				370E98BA1EDEAD7B007E2692 /* zh-Hans */,
			);
			name = Localizable.strings;
			sourceTree = "<group>";
		};
/* End PBXVariantGroup section */

/* Begin XCBuildConfiguration section */
		370E98731EDE738C007E2692 /* Debug */ = {
			isa = XCBuildConfiguration;
			buildSettings = {
				ALWAYS_SEARCH_USER_PATHS = NO;
				CLANG_ANALYZER_NONNULL = YES;
				CLANG_ANALYZER_NUMBER_OBJECT_CONVERSION = YES_AGGRESSIVE;
				CLANG_CXX_LANGUAGE_STANDARD = "gnu++0x";
				CLANG_CXX_LIBRARY = "libc++";
				CLANG_ENABLE_MODULES = YES;
				CLANG_ENABLE_OBJC_ARC = YES;
				CLANG_WARN_BOOL_CONVERSION = YES;
				CLANG_WARN_CONSTANT_CONVERSION = YES;
				CLANG_WARN_DIRECT_OBJC_ISA_USAGE = YES_ERROR;
				CLANG_WARN_DOCUMENTATION_COMMENTS = YES;
				CLANG_WARN_EMPTY_BODY = YES;
				CLANG_WARN_ENUM_CONVERSION = YES;
				CLANG_WARN_INFINITE_RECURSION = YES;
				CLANG_WARN_INT_CONVERSION = YES;
				CLANG_WARN_OBJC_ROOT_CLASS = YES_ERROR;
				CLANG_WARN_SUSPICIOUS_MOVE = YES;
				CLANG_WARN_UNREACHABLE_CODE = YES;
				CLANG_WARN__DUPLICATE_METHOD_MATCH = YES;
				"CODE_SIGN_IDENTITY[sdk=iphoneos*]" = "iPhone Developer";
				COPY_PHASE_STRIP = NO;
				DEBUG_INFORMATION_FORMAT = dwarf;
				ENABLE_STRICT_OBJC_MSGSEND = YES;
				ENABLE_TESTABILITY = YES;
				GCC_C_LANGUAGE_STANDARD = gnu99;
				GCC_DYNAMIC_NO_PIC = NO;
				GCC_NO_COMMON_BLOCKS = YES;
				GCC_OPTIMIZATION_LEVEL = 0;
				GCC_PREPROCESSOR_DEFINITIONS = (
					"DEBUG=1",
					"$(inherited)",
				);
				GCC_WARN_64_TO_32_BIT_CONVERSION = YES;
				GCC_WARN_ABOUT_RETURN_TYPE = YES_ERROR;
				GCC_WARN_UNDECLARED_SELECTOR = YES;
				GCC_WARN_UNINITIALIZED_AUTOS = YES_AGGRESSIVE;
				GCC_WARN_UNUSED_FUNCTION = YES;
				GCC_WARN_UNUSED_VARIABLE = YES;
				IPHONEOS_DEPLOYMENT_TARGET = 8.0;
				MTL_ENABLE_DEBUG_INFO = YES;
				ONLY_ACTIVE_ARCH = YES;
				SDKROOT = iphoneos;
				SWIFT_ACTIVE_COMPILATION_CONDITIONS = DEBUG;
				SWIFT_OPTIMIZATION_LEVEL = "-Onone";
				TARGETED_DEVICE_FAMILY = "1,2";
			};
			name = Debug;
		};
		370E98741EDE738C007E2692 /* Release */ = {
			isa = XCBuildConfiguration;
			buildSettings = {
				ALWAYS_SEARCH_USER_PATHS = NO;
				CLANG_ANALYZER_NONNULL = YES;
				CLANG_ANALYZER_NUMBER_OBJECT_CONVERSION = YES_AGGRESSIVE;
				CLANG_CXX_LANGUAGE_STANDARD = "gnu++0x";
				CLANG_CXX_LIBRARY = "libc++";
				CLANG_ENABLE_MODULES = YES;
				CLANG_ENABLE_OBJC_ARC = YES;
				CLANG_WARN_BOOL_CONVERSION = YES;
				CLANG_WARN_CONSTANT_CONVERSION = YES;
				CLANG_WARN_DIRECT_OBJC_ISA_USAGE = YES_ERROR;
				CLANG_WARN_DOCUMENTATION_COMMENTS = YES;
				CLANG_WARN_EMPTY_BODY = YES;
				CLANG_WARN_ENUM_CONVERSION = YES;
				CLANG_WARN_INFINITE_RECURSION = YES;
				CLANG_WARN_INT_CONVERSION = YES;
				CLANG_WARN_OBJC_ROOT_CLASS = YES_ERROR;
				CLANG_WARN_SUSPICIOUS_MOVE = YES;
				CLANG_WARN_UNREACHABLE_CODE = YES;
				CLANG_WARN__DUPLICATE_METHOD_MATCH = YES;
				"CODE_SIGN_IDENTITY[sdk=iphoneos*]" = "iPhone Developer";
				COPY_PHASE_STRIP = NO;
				DEBUG_INFORMATION_FORMAT = "dwarf-with-dsym";
				ENABLE_NS_ASSERTIONS = NO;
				ENABLE_STRICT_OBJC_MSGSEND = YES;
				GCC_C_LANGUAGE_STANDARD = gnu99;
				GCC_NO_COMMON_BLOCKS = YES;
				GCC_WARN_64_TO_32_BIT_CONVERSION = YES;
				GCC_WARN_ABOUT_RETURN_TYPE = YES_ERROR;
				GCC_WARN_UNDECLARED_SELECTOR = YES;
				GCC_WARN_UNINITIALIZED_AUTOS = YES_AGGRESSIVE;
				GCC_WARN_UNUSED_FUNCTION = YES;
				GCC_WARN_UNUSED_VARIABLE = YES;
				IPHONEOS_DEPLOYMENT_TARGET = 8.0;
				MTL_ENABLE_DEBUG_INFO = NO;
				SDKROOT = iphoneos;
				SWIFT_OPTIMIZATION_LEVEL = "-Owholemodule";
				TARGETED_DEVICE_FAMILY = "1,2";
				VALIDATE_PRODUCT = YES;
			};
			name = Release;
		};
		370E98761EDE738C007E2692 /* Debug */ = {
			isa = XCBuildConfiguration;
			buildSettings = {
				ASSETCATALOG_COMPILER_APPICON_NAME = AppIcon;
				DEVELOPMENT_TEAM = Y6QZNMQWRN;
				INFOPLIST_FILE = "Rainville-Swift/Info.plist";
				LD_RUNPATH_SEARCH_PATHS = "$(inherited) @executable_path/Frameworks";
				"OTHER_SWIFT_FLAGS[arch=*]" = "-D DEBUG";
				PRODUCT_BUNDLE_IDENTIFIER = "CC.Rainville-Swift";
				PRODUCT_NAME = "$(TARGET_NAME)";
				SWIFT_VERSION = 3.0;
			};
			name = Debug;
		};
		370E98771EDE738C007E2692 /* Release */ = {
			isa = XCBuildConfiguration;
			buildSettings = {
				ASSETCATALOG_COMPILER_APPICON_NAME = AppIcon;
				DEVELOPMENT_TEAM = Y6QZNMQWRN;
				INFOPLIST_FILE = "Rainville-Swift/Info.plist";
				LD_RUNPATH_SEARCH_PATHS = "$(inherited) @executable_path/Frameworks";
				PRODUCT_BUNDLE_IDENTIFIER = "CC.Rainville-Swift";
				PRODUCT_NAME = "$(TARGET_NAME)";
				SWIFT_VERSION = 3.0;
			};
			name = Release;
		};
/* End XCBuildConfiguration section */

/* Begin XCConfigurationList section */
		370E985E1EDE738C007E2692 /* Build configuration list for PBXProject "Rainville-Swift" */ = {
			isa = XCConfigurationList;
			buildConfigurations = (
				370E98731EDE738C007E2692 /* Debug */,
				370E98741EDE738C007E2692 /* Release */,
			);
			defaultConfigurationIsVisible = 0;
			defaultConfigurationName = Release;
		};
		370E98751EDE738C007E2692 /* Build configuration list for PBXNativeTarget "Rainville-Swift" */ = {
			isa = XCConfigurationList;
			buildConfigurations = (
				370E98761EDE738C007E2692 /* Debug */,
				370E98771EDE738C007E2692 /* Release */,
			);
			defaultConfigurationIsVisible = 0;
			defaultConfigurationName = Release;
		};
/* End XCConfigurationList section */
	};
	rootObject = 370E985B1EDE738C007E2692 /* Project object */;
}
